
Microsoft Visual Studio Solution File, Format Version 12.00
# Visual Studio 15
VisualStudioVersion = 15.0.28307.136
MinimumVisualStudioVersion = 10.0.40219.1
Project("{FAE04EC0-301F-11D3-BF4B-00C04F79EFBC}") = "EfCoreBreakingChange", "EfCoreBreakingChange\EfCoreBreakingChange.csproj", "{31C5ACC5-B166-4E0D-A011-C21C1058FDAC}"
EndProject
Global
	GlobalSection(SolutionConfigurationPlatforms) = preSolution
		Debug|Any CPU = Debug|Any CPU
		Release|Any CPU = Release|Any CPU
	EndGlobalSection
	GlobalSection(ProjectConfigurationPlatforms) = postSolution
		{31C5ACC5-B166-4E0D-A011-C21C1058FDAC}.Debug|Any CPU.ActiveCfg = Debug|Any CPU
		{31C5ACC5-B166-4E0D-A011-C21C1058FDAC}.Debug|Any CPU.Build.0 = Debug|Any CPU
		{31C5ACC5-B166-4E0D-A011-C21C1058FDAC}.Release|Any CPU.ActiveCfg = Release|Any CPU
		{31C5ACC5-B166-4E0D-A011-C21C1058FDAC}.Release|Any CPU.Build.0 = Release|Any CPU
	EndGlobalSection
	GlobalSection(SolutionProperties) = preSolution
		HideSolutionNode = FALSE
	EndGlobalSection
	GlobalSection(ExtensibilityGlobals) = postSolution
		SolutionGuid = {417143EF-AC10-4283-9636-06AD0719644A}
	EndGlobalSection
EndGlobal
